{
  "name": "chalnge-1-hammercode",
  "version": "1.0.0",
  "lockfileVersion": 1,
  "requires": true,
  "dependencies": {
    "date-fns": {
      "version": "2.1.0",
      "resolved": "https://registry.npmjs.org/date-fns/-/date-fns-2.1.0.tgz",
      "integrity": "sha512-eKeLk3sLCnxB/0PN4t1+zqDtSs4jb4mXRSTZ2okmx/myfWyDqeO4r5nnmA5LClJiCwpuTMeK2v5UQPuE4uMaxA=="
    },
    "validatorjs": {
      "version": "3.18.1",
      "resolved": "https://registry.npmjs.org/validatorjs/-/validatorjs-3.18.1.tgz",
      "integrity": "sha512-ZyHd0lJKNft3nUe+tYtTui2B5GwdKexWB55qNljccJouW/eo06YhYpCYjPlN/F5n/o0eS1uvb1Janh6eRl+TBQ==",
      "requires": {
        "date-fns": "2.1.0"
      }
    }
  }
}
